
Microsoft Visual Studio Solution File, Format Version 12.00
# Visual Studio Version 17
VisualStudioVersion = 17.9.34616.47
MinimumVisualStudioVersion = 10.0.40219.1
Project("{2150E333-8FDC-42A3-9474-1A3956D46DE8}") = "01-DataBaseFirst", "01-DataBaseFirst", "{A6DAA0C7-9BEA-4806-9AD2-8153612EFF22}"
EndProject
Project("{9A19103F-16F7-4668-BE54-9A1E7A4F7556}") = "01-DataBaseFirstCore", "01-DataBaseFirstCore\01-DataBaseFirstCore.csproj", "{C492A8A1-971E-400B-ACD9-3200C7B42265}"
EndProject
Project("{9A19103F-16F7-4668-BE54-9A1E7A4F7556}") = "02-DataBaseFirstWinApp", "02-DataBaseFirstWinApp\02-DataBaseFirstWinApp.csproj", "{230501B1-CD56-4D43-8C28-9651020CA9FA}"
EndProject
Project("{9A19103F-16F7-4668-BE54-9A1E7A4F7556}") = "03-DataBaseFirstwDropDown", "03-DataBaseFirstwDropDown\03-DataBaseFirstwDropDown.csproj", "{A7C19211-6138-4F9D-8B5C-70E6EDF4DCEF}"
EndProject
Project("{9A19103F-16F7-4668-BE54-9A1E7A4F7556}") = "04-TelefonRehberiCodeFirstIntro", "04-TelefonRehberiCodeFirstIntro\04-TelefonRehberiCodeFirstIntro.csproj", "{61158F60-1EDA-4725-908C-568214DF0C03}"
EndProject
Project("{9A19103F-16F7-4668-BE54-9A1E7A4F7556}") = "04-LinqObject", "04-LinqObject\04-LinqObject.csproj", "{86F4A94F-03A5-4210-8B3E-F11C739EC7AB}"
EndProject
Project("{9A19103F-16F7-4668-BE54-9A1E7A4F7556}") = "05-LinQQueryVeMetodSyntax", "05-LinQQueryVeMetodSyntax\05-LinQQueryVeMetodSyntax.csproj", "{37137167-61CB-4FD0-8C01-5FEA941780BC}"
EndProject
Project("{9A19103F-16F7-4668-BE54-9A1E7A4F7556}") = "06-LinqQueryOperators", "06-LinqQueryOperators\06-LinqQueryOperators.csproj", "{065F454C-329D-4A1E-9656-D5D171172AEF}"
EndProject
Project("{9A19103F-16F7-4668-BE54-9A1E7A4F7556}") = "07-LinQQueriesOnNorthwind", "07-LinQQueriesOnNorthwind\07-LinQQueriesOnNorthwind.csproj", "{585C528F-407D-4805-8965-007AD016764A}"
EndProject
Project("{2150E333-8FDC-42A3-9474-1A3956D46DE8}") = "02-LinQ", "02-LinQ", "{F08B0B1C-B867-48B7-8E68-5A8F240197D1}"
EndProject
Project("{2150E333-8FDC-42A3-9474-1A3956D46DE8}") = "03-CodeFirst", "03-CodeFirst", "{A9BD83DC-DA4C-4155-B59B-C7FD8CC3BC6B}"
EndProject
Project("{9A19103F-16F7-4668-BE54-9A1E7A4F7556}") = "08-IntroToCodeFirst", "08-IntroToCodeFirst\08-IntroToCodeFirst.csproj", "{92531E1E-8D63-4A25-82F8-1FD39A642559}"
EndProject
Project("{9A19103F-16F7-4668-BE54-9A1E7A4F7556}") = "09-Model-DBContext-DBSet", "09-Model-DBContext-DBSet\09-Model-DBContext-DBSet.csproj", "{A3D5F48E-D4EA-48B6-AD80-52555DF7E6C2}"
EndProject
Project("{9A19103F-16F7-4668-BE54-9A1E7A4F7556}") = "10-StudentsHomeWork-CreateReadUpdateDelete", "10-BookHomeWork-CreateReadUpdateDelete\10-StudentsHomeWork-CreateReadUpdateDelete.csproj", "{76E2B5AD-8758-45A9-AFD8-208E7C17ED41}"
EndProject
Project("{9A19103F-16F7-4668-BE54-9A1E7A4F7556}") = "11-InheritanceEFCore", "11-InheritanceEFCore\11-InheritanceEFCore.csproj", "{A8B67A2A-F6AD-42DA-8A62-138A66AC649D}"
EndProject
Project("{9A19103F-16F7-4668-BE54-9A1E7A4F7556}") = "12-InheritanceEFCore", "12-InheritanceEFCore\12-InheritanceEFCore.csproj", "{BD28B2E3-1ED4-4BEF-8B5C-FA3400919043}"
EndProject
Project("{9A19103F-16F7-4668-BE54-9A1E7A4F7556}") = "13-RelationshipEFCORE", "13-RelationshipEFCORE\13-RelationshipEFCORE.csproj", "{57461C2F-D79D-4DF1-B065-5E6135DF1C82}"
EndProject
Project("{9A19103F-16F7-4668-BE54-9A1E7A4F7556}") = "14-DataAnnotationFluentAPI", "14-DataAnnotationFluentAPI\14-DataAnnotationFluentAPI.csproj", "{817DA72A-8155-4DED-9CC5-F0FC7F67D947}"
EndProject
Project("{9A19103F-16F7-4668-BE54-9A1E7A4F7556}") = "15-EFLiveExcersize", "15-EFLiveExcersize\15-EFLiveExcersize.csproj", "{1BC5689A-9A96-4692-92B5-3AC172AFA45A}"
EndProject
Project("{9A19103F-16F7-4668-BE54-9A1E7A4F7556}") = "16-EFLiveExcersizeFluentAPI", "16-EFLiveExcersizeFluentAPI\16-EFLiveExcersizeFluentAPI.csproj", "{B92AD2CF-6B24-48DA-8AEA-9AF0C6F06FF5}"
EndProject
Project("{9A19103F-16F7-4668-BE54-9A1E7A4F7556}") = "17-UrunEklemeOtomasyon", "17-UrunEklemeOtomasyon\17-UrunEklemeOtomasyon.csproj", "{8FEE8484-162C-4016-8490-1B373B7A80F7}"
EndProject
Project("{2150E333-8FDC-42A3-9474-1A3956D46DE8}") = "04-Project", "04-Project", "{052D82CC-B01C-4715-8693-DDB7726698FE}"
EndProject
Project("{2150E333-8FDC-42A3-9474-1A3956D46DE8}") = "18-NTierMapping", "18-NTierMapping", "{3FA9A645-A64A-48F6-A6AE-20DEFF774361}"
EndProject
Project("{FAE04EC0-301F-11D3-BF4B-00C04F79EFBC}") = "18-NtierMapping.DATA", "19-NtierMapping.DATA\18-NtierMapping.DATA.csproj", "{9F0BFB98-20E3-4512-BE45-43A226F5C9F8}"
EndProject
Project("{FAE04EC0-301F-11D3-BF4B-00C04F79EFBC}") = "18-NTierMapping.DAL", "19-NTierMapping.DAL\18-NTierMapping.DAL.csproj", "{13C8B691-368C-427C-A5FA-8E8A401CFC97}"
EndProject
Project("{FAE04EC0-301F-11D3-BF4B-00C04F79EFBC}") = "18-NTierMapping.UI", "18-NTierMapping.UI\18-NTierMapping.UI.csproj", "{5BFF9B10-D867-4129-B687-9662FB7255FC}"
EndProject
Project("{2150E333-8FDC-42A3-9474-1A3956D46DE8}") = "19-PersonelEkleme", "19-PersonelEkleme", "{0A638992-B8A3-448E-8E7B-D72036FB30DA}"
EndProject
Project("{FAE04EC0-301F-11D3-BF4B-00C04F79EFBC}") = "19-DATA", "19-DATA\19-DATA.csproj", "{01A2414A-3719-4EE9-BAA3-D7A82B317A9D}"
EndProject
Project("{FAE04EC0-301F-11D3-BF4B-00C04F79EFBC}") = "19-DAL-DataAccessLayer", "19-DAL-DataAccessLayer\19-DAL-DataAccessLayer.csproj", "{45C2FF84-6A36-4FAD-8E67-F1027B8267EA}"
EndProject
Project("{FAE04EC0-301F-11D3-BF4B-00C04F79EFBC}") = "19-UI-UserInterfaceWindowsFormsApp", "19-UI-UserInterfaceWindowsFormsApp\19-UI-UserInterfaceWindowsFormsApp.csproj", "{1B5E3485-4B74-471D-8857-94D8A318BEFC}"
EndProject
Project("{2150E333-8FDC-42A3-9474-1A3956D46DE8}") = "05-RepositoryPattern", "05-RepositoryPattern", "{779A319D-37CB-46A2-B7EF-BFFF6746E406}"
EndProject
Project("{FAE04EC0-301F-11D3-BF4B-00C04F79EFBC}") = "20-DbFirstRepositoryDesignNorthwind", "20-DbFirstRepositoryDesignNorthwind\20-DbFirstRepositoryDesignNorthwind.csproj", "{0DBAD403-7433-43E6-BADB-FB133987E02E}"
EndProject
Global
	GlobalSection(SolutionConfigurationPlatforms) = preSolution
		Debug|Any CPU = Debug|Any CPU
		Release|Any CPU = Release|Any CPU
	EndGlobalSection
	GlobalSection(ProjectConfigurationPlatforms) = postSolution
		{C492A8A1-971E-400B-ACD9-3200C7B42265}.Debug|Any CPU.ActiveCfg = Debug|Any CPU
		{C492A8A1-971E-400B-ACD9-3200C7B42265}.Debug|Any CPU.Build.0 = Debug|Any CPU
		{C492A8A1-971E-400B-ACD9-3200C7B42265}.Release|Any CPU.ActiveCfg = Release|Any CPU
		{C492A8A1-971E-400B-ACD9-3200C7B42265}.Release|Any CPU.Build.0 = Release|Any CPU
		{230501B1-CD56-4D43-8C28-9651020CA9FA}.Debug|Any CPU.ActiveCfg = Debug|Any CPU
		{230501B1-CD56-4D43-8C28-9651020CA9FA}.Debug|Any CPU.Build.0 = Debug|Any CPU
		{230501B1-CD56-4D43-8C28-9651020CA9FA}.Release|Any CPU.ActiveCfg = Release|Any CPU
		{230501B1-CD56-4D43-8C28-9651020CA9FA}.Release|Any CPU.Build.0 = Release|Any CPU
		{A7C19211-6138-4F9D-8B5C-70E6EDF4DCEF}.Debug|Any CPU.ActiveCfg = Debug|Any CPU
		{A7C19211-6138-4F9D-8B5C-70E6EDF4DCEF}.Debug|Any CPU.Build.0 = Debug|Any CPU
		{A7C19211-6138-4F9D-8B5C-70E6EDF4DCEF}.Release|Any CPU.ActiveCfg = Release|Any CPU
		{A7C19211-6138-4F9D-8B5C-70E6EDF4DCEF}.Release|Any CPU.Build.0 = Release|Any CPU
		{61158F60-1EDA-4725-908C-568214DF0C03}.Debug|Any CPU.ActiveCfg = Debug|Any CPU
		{61158F60-1EDA-4725-908C-568214DF0C03}.Debug|Any CPU.Build.0 = Debug|Any CPU
		{61158F60-1EDA-4725-908C-568214DF0C03}.Release|Any CPU.ActiveCfg = Release|Any CPU
		{61158F60-1EDA-4725-908C-568214DF0C03}.Release|Any CPU.Build.0 = Release|Any CPU
		{86F4A94F-03A5-4210-8B3E-F11C739EC7AB}.Debug|Any CPU.ActiveCfg = Debug|Any CPU
		{86F4A94F-03A5-4210-8B3E-F11C739EC7AB}.Debug|Any CPU.Build.0 = Debug|Any CPU
		{86F4A94F-03A5-4210-8B3E-F11C739EC7AB}.Release|Any CPU.ActiveCfg = Release|Any CPU
		{86F4A94F-03A5-4210-8B3E-F11C739EC7AB}.Release|Any CPU.Build.0 = Release|Any CPU
		{37137167-61CB-4FD0-8C01-5FEA941780BC}.Debug|Any CPU.ActiveCfg = Debug|Any CPU
		{37137167-61CB-4FD0-8C01-5FEA941780BC}.Debug|Any CPU.Build.0 = Debug|Any CPU
		{37137167-61CB-4FD0-8C01-5FEA941780BC}.Release|Any CPU.ActiveCfg = Release|Any CPU
		{37137167-61CB-4FD0-8C01-5FEA941780BC}.Release|Any CPU.Build.0 = Release|Any CPU
		{065F454C-329D-4A1E-9656-D5D171172AEF}.Debug|Any CPU.ActiveCfg = Debug|Any CPU
		{065F454C-329D-4A1E-9656-D5D171172AEF}.Debug|Any CPU.Build.0 = Debug|Any CPU
		{065F454C-329D-4A1E-9656-D5D171172AEF}.Release|Any CPU.ActiveCfg = Release|Any CPU
		{065F454C-329D-4A1E-9656-D5D171172AEF}.Release|Any CPU.Build.0 = Release|Any CPU
		{585C528F-407D-4805-8965-007AD016764A}.Debug|Any CPU.ActiveCfg = Debug|Any CPU
		{585C528F-407D-4805-8965-007AD016764A}.Debug|Any CPU.Build.0 = Debug|Any CPU
		{585C528F-407D-4805-8965-007AD016764A}.Release|Any CPU.ActiveCfg = Release|Any CPU
		{585C528F-407D-4805-8965-007AD016764A}.Release|Any CPU.Build.0 = Release|Any CPU
		{92531E1E-8D63-4A25-82F8-1FD39A642559}.Debug|Any CPU.ActiveCfg = Debug|Any CPU
		{92531E1E-8D63-4A25-82F8-1FD39A642559}.Debug|Any CPU.Build.0 = Debug|Any CPU
		{92531E1E-8D63-4A25-82F8-1FD39A642559}.Release|Any CPU.ActiveCfg = Release|Any CPU
		{92531E1E-8D63-4A25-82F8-1FD39A642559}.Release|Any CPU.Build.0 = Release|Any CPU
		{A3D5F48E-D4EA-48B6-AD80-52555DF7E6C2}.Debug|Any CPU.ActiveCfg = Debug|Any CPU
		{A3D5F48E-D4EA-48B6-AD80-52555DF7E6C2}.Debug|Any CPU.Build.0 = Debug|Any CPU
		{A3D5F48E-D4EA-48B6-AD80-52555DF7E6C2}.Release|Any CPU.ActiveCfg = Release|Any CPU
		{A3D5F48E-D4EA-48B6-AD80-52555DF7E6C2}.Release|Any CPU.Build.0 = Release|Any CPU
		{76E2B5AD-8758-45A9-AFD8-208E7C17ED41}.Debug|Any CPU.ActiveCfg = Debug|Any CPU
		{76E2B5AD-8758-45A9-AFD8-208E7C17ED41}.Debug|Any CPU.Build.0 = Debug|Any CPU
		{76E2B5AD-8758-45A9-AFD8-208E7C17ED41}.Release|Any CPU.ActiveCfg = Release|Any CPU
		{76E2B5AD-8758-45A9-AFD8-208E7C17ED41}.Release|Any CPU.Build.0 = Release|Any CPU
		{A8B67A2A-F6AD-42DA-8A62-138A66AC649D}.Debug|Any CPU.ActiveCfg = Debug|Any CPU
		{A8B67A2A-F6AD-42DA-8A62-138A66AC649D}.Debug|Any CPU.Build.0 = Debug|Any CPU
		{A8B67A2A-F6AD-42DA-8A62-138A66AC649D}.Release|Any CPU.ActiveCfg = Release|Any CPU
		{A8B67A2A-F6AD-42DA-8A62-138A66AC649D}.Release|Any CPU.Build.0 = Release|Any CPU
		{BD28B2E3-1ED4-4BEF-8B5C-FA3400919043}.Debug|Any CPU.ActiveCfg = Debug|Any CPU
		{BD28B2E3-1ED4-4BEF-8B5C-FA3400919043}.Debug|Any CPU.Build.0 = Debug|Any CPU
		{BD28B2E3-1ED4-4BEF-8B5C-FA3400919043}.Release|Any CPU.ActiveCfg = Release|Any CPU
		{BD28B2E3-1ED4-4BEF-8B5C-FA3400919043}.Release|Any CPU.Build.0 = Release|Any CPU
		{57461C2F-D79D-4DF1-B065-5E6135DF1C82}.Debug|Any CPU.ActiveCfg = Debug|Any CPU
		{57461C2F-D79D-4DF1-B065-5E6135DF1C82}.Debug|Any CPU.Build.0 = Debug|Any CPU
		{57461C2F-D79D-4DF1-B065-5E6135DF1C82}.Release|Any CPU.ActiveCfg = Release|Any CPU
		{57461C2F-D79D-4DF1-B065-5E6135DF1C82}.Release|Any CPU.Build.0 = Release|Any CPU
		{817DA72A-8155-4DED-9CC5-F0FC7F67D947}.Debug|Any CPU.ActiveCfg = Debug|Any CPU
		{817DA72A-8155-4DED-9CC5-F0FC7F67D947}.Debug|Any CPU.Build.0 = Debug|Any CPU
		{817DA72A-8155-4DED-9CC5-F0FC7F67D947}.Release|Any CPU.ActiveCfg = Release|Any CPU
		{817DA72A-8155-4DED-9CC5-F0FC7F67D947}.Release|Any CPU.Build.0 = Release|Any CPU
		{1BC5689A-9A96-4692-92B5-3AC172AFA45A}.Debug|Any CPU.ActiveCfg = Debug|Any CPU
		{1BC5689A-9A96-4692-92B5-3AC172AFA45A}.Debug|Any CPU.Build.0 = Debug|Any CPU
		{1BC5689A-9A96-4692-92B5-3AC172AFA45A}.Release|Any CPU.ActiveCfg = Release|Any CPU
		{1BC5689A-9A96-4692-92B5-3AC172AFA45A}.Release|Any CPU.Build.0 = Release|Any CPU
		{B92AD2CF-6B24-48DA-8AEA-9AF0C6F06FF5}.Debug|Any CPU.ActiveCfg = Debug|Any CPU
		{B92AD2CF-6B24-48DA-8AEA-9AF0C6F06FF5}.Debug|Any CPU.Build.0 = Debug|Any CPU
		{B92AD2CF-6B24-48DA-8AEA-9AF0C6F06FF5}.Release|Any CPU.ActiveCfg = Release|Any CPU
		{B92AD2CF-6B24-48DA-8AEA-9AF0C6F06FF5}.Release|Any CPU.Build.0 = Release|Any CPU
		{8FEE8484-162C-4016-8490-1B373B7A80F7}.Debug|Any CPU.ActiveCfg = Debug|Any CPU
		{8FEE8484-162C-4016-8490-1B373B7A80F7}.Debug|Any CPU.Build.0 = Debug|Any CPU
		{8FEE8484-162C-4016-8490-1B373B7A80F7}.Release|Any CPU.ActiveCfg = Release|Any CPU
		{8FEE8484-162C-4016-8490-1B373B7A80F7}.Release|Any CPU.Build.0 = Release|Any CPU
		{9F0BFB98-20E3-4512-BE45-43A226F5C9F8}.Debug|Any CPU.ActiveCfg = Debug|Any CPU
		{9F0BFB98-20E3-4512-BE45-43A226F5C9F8}.Debug|Any CPU.Build.0 = Debug|Any CPU
		{9F0BFB98-20E3-4512-BE45-43A226F5C9F8}.Release|Any CPU.ActiveCfg = Release|Any CPU
		{9F0BFB98-20E3-4512-BE45-43A226F5C9F8}.Release|Any CPU.Build.0 = Release|Any CPU
		{13C8B691-368C-427C-A5FA-8E8A401CFC97}.Debug|Any CPU.ActiveCfg = Debug|Any CPU
		{13C8B691-368C-427C-A5FA-8E8A401CFC97}.Debug|Any CPU.Build.0 = Debug|Any CPU
		{13C8B691-368C-427C-A5FA-8E8A401CFC97}.Release|Any CPU.ActiveCfg = Release|Any CPU
		{13C8B691-368C-427C-A5FA-8E8A401CFC97}.Release|Any CPU.Build.0 = Release|Any CPU
		{5BFF9B10-D867-4129-B687-9662FB7255FC}.Debug|Any CPU.ActiveCfg = Debug|Any CPU
		{5BFF9B10-D867-4129-B687-9662FB7255FC}.Debug|Any CPU.Build.0 = Debug|Any CPU
		{5BFF9B10-D867-4129-B687-9662FB7255FC}.Release|Any CPU.ActiveCfg = Release|Any CPU
		{5BFF9B10-D867-4129-B687-9662FB7255FC}.Release|Any CPU.Build.0 = Release|Any CPU
		{01A2414A-3719-4EE9-BAA3-D7A82B317A9D}.Debug|Any CPU.ActiveCfg = Debug|Any CPU
		{01A2414A-3719-4EE9-BAA3-D7A82B317A9D}.Debug|Any CPU.Build.0 = Debug|Any CPU
		{01A2414A-3719-4EE9-BAA3-D7A82B317A9D}.Release|Any CPU.ActiveCfg = Release|Any CPU
		{01A2414A-3719-4EE9-BAA3-D7A82B317A9D}.Release|Any CPU.Build.0 = Release|Any CPU
		{45C2FF84-6A36-4FAD-8E67-F1027B8267EA}.Debug|Any CPU.ActiveCfg = Debug|Any CPU
		{45C2FF84-6A36-4FAD-8E67-F1027B8267EA}.Debug|Any CPU.Build.0 = Debug|Any CPU
		{45C2FF84-6A36-4FAD-8E67-F1027B8267EA}.Release|Any CPU.ActiveCfg = Release|Any CPU
		{45C2FF84-6A36-4FAD-8E67-F1027B8267EA}.Release|Any CPU.Build.0 = Release|Any CPU
		{1B5E3485-4B74-471D-8857-94D8A318BEFC}.Debug|Any CPU.ActiveCfg = Debug|Any CPU
		{1B5E3485-4B74-471D-8857-94D8A318BEFC}.Debug|Any CPU.Build.0 = Debug|Any CPU
		{1B5E3485-4B74-471D-8857-94D8A318BEFC}.Release|Any CPU.ActiveCfg = Release|Any CPU
		{1B5E3485-4B74-471D-8857-94D8A318BEFC}.Release|Any CPU.Build.0 = Release|Any CPU
		{0DBAD403-7433-43E6-BADB-FB133987E02E}.Debug|Any CPU.ActiveCfg = Debug|Any CPU
		{0DBAD403-7433-43E6-BADB-FB133987E02E}.Debug|Any CPU.Build.0 = Debug|Any CPU
		{0DBAD403-7433-43E6-BADB-FB133987E02E}.Release|Any CPU.ActiveCfg = Release|Any CPU
		{0DBAD403-7433-43E6-BADB-FB133987E02E}.Release|Any CPU.Build.0 = Release|Any CPU
	EndGlobalSection
	GlobalSection(SolutionProperties) = preSolution
		HideSolutionNode = FALSE
	EndGlobalSection
	GlobalSection(NestedProjects) = preSolution
		{C492A8A1-971E-400B-ACD9-3200C7B42265} = {A6DAA0C7-9BEA-4806-9AD2-8153612EFF22}
		{230501B1-CD56-4D43-8C28-9651020CA9FA} = {A6DAA0C7-9BEA-4806-9AD2-8153612EFF22}
		{A7C19211-6138-4F9D-8B5C-70E6EDF4DCEF} = {A6DAA0C7-9BEA-4806-9AD2-8153612EFF22}
		{61158F60-1EDA-4725-908C-568214DF0C03} = {A6DAA0C7-9BEA-4806-9AD2-8153612EFF22}
		{86F4A94F-03A5-4210-8B3E-F11C739EC7AB} = {F08B0B1C-B867-48B7-8E68-5A8F240197D1}
		{37137167-61CB-4FD0-8C01-5FEA941780BC} = {F08B0B1C-B867-48B7-8E68-5A8F240197D1}
		{065F454C-329D-4A1E-9656-D5D171172AEF} = {F08B0B1C-B867-48B7-8E68-5A8F240197D1}
		{585C528F-407D-4805-8965-007AD016764A} = {F08B0B1C-B867-48B7-8E68-5A8F240197D1}
		{92531E1E-8D63-4A25-82F8-1FD39A642559} = {A9BD83DC-DA4C-4155-B59B-C7FD8CC3BC6B}
		{A3D5F48E-D4EA-48B6-AD80-52555DF7E6C2} = {A9BD83DC-DA4C-4155-B59B-C7FD8CC3BC6B}
		{76E2B5AD-8758-45A9-AFD8-208E7C17ED41} = {A9BD83DC-DA4C-4155-B59B-C7FD8CC3BC6B}
		{A8B67A2A-F6AD-42DA-8A62-138A66AC649D} = {A9BD83DC-DA4C-4155-B59B-C7FD8CC3BC6B}
		{BD28B2E3-1ED4-4BEF-8B5C-FA3400919043} = {A9BD83DC-DA4C-4155-B59B-C7FD8CC3BC6B}
		{57461C2F-D79D-4DF1-B065-5E6135DF1C82} = {A9BD83DC-DA4C-4155-B59B-C7FD8CC3BC6B}
		{817DA72A-8155-4DED-9CC5-F0FC7F67D947} = {A9BD83DC-DA4C-4155-B59B-C7FD8CC3BC6B}
		{1BC5689A-9A96-4692-92B5-3AC172AFA45A} = {A9BD83DC-DA4C-4155-B59B-C7FD8CC3BC6B}
		{B92AD2CF-6B24-48DA-8AEA-9AF0C6F06FF5} = {A9BD83DC-DA4C-4155-B59B-C7FD8CC3BC6B}
		{8FEE8484-162C-4016-8490-1B373B7A80F7} = {A9BD83DC-DA4C-4155-B59B-C7FD8CC3BC6B}
		{3FA9A645-A64A-48F6-A6AE-20DEFF774361} = {052D82CC-B01C-4715-8693-DDB7726698FE}
		{9F0BFB98-20E3-4512-BE45-43A226F5C9F8} = {3FA9A645-A64A-48F6-A6AE-20DEFF774361}
		{13C8B691-368C-427C-A5FA-8E8A401CFC97} = {3FA9A645-A64A-48F6-A6AE-20DEFF774361}
		{5BFF9B10-D867-4129-B687-9662FB7255FC} = {3FA9A645-A64A-48F6-A6AE-20DEFF774361}
		{0A638992-B8A3-448E-8E7B-D72036FB30DA} = {052D82CC-B01C-4715-8693-DDB7726698FE}
		{01A2414A-3719-4EE9-BAA3-D7A82B317A9D} = {0A638992-B8A3-448E-8E7B-D72036FB30DA}
		{45C2FF84-6A36-4FAD-8E67-F1027B8267EA} = {0A638992-B8A3-448E-8E7B-D72036FB30DA}
		{1B5E3485-4B74-471D-8857-94D8A318BEFC} = {0A638992-B8A3-448E-8E7B-D72036FB30DA}
		{0DBAD403-7433-43E6-BADB-FB133987E02E} = {779A319D-37CB-46A2-B7EF-BFFF6746E406}
	EndGlobalSection
	GlobalSection(ExtensibilityGlobals) = postSolution
		SolutionGuid = {B7406CC3-4941-4963-9617-C7758F707393}
	EndGlobalSection
EndGlobal
